{
  "name": "09_ts_opaque",
  "version": "1.0.0",
  "lockfileVersion": 2,
  "requires": true,
  "packages": {
    "": {
      "name": "09_ts_opaque",
      "version": "1.0.0",
      "license": "ISC",
      "dependencies": {
        "type-fest": "^2.18.0"
      }
    },
    "node_modules/type-fest": {
      "version": "2.18.0",
      "resolved": "https://registry.npmjs.org/type-fest/-/type-fest-2.18.0.tgz",
      "integrity": "sha512-pRS+/yrW5TjPPHNOvxhbNZexr2bS63WjrMU8a+VzEBhUi9Tz1pZeD+vQz3ut0svZ46P+SRqMEPnJmk2XnvNzTw==",
      "engines": {
        "node": ">=12.20"
      },
      "funding": {
        "url": "https://github.com/sponsors/sindresorhus"
      }
    }
  },
  "dependencies": {
    "type-fest": {
      "version": "2.18.0",
      "resolved": "https://registry.npmjs.org/type-fest/-/type-fest-2.18.0.tgz",
      "integrity": "sha512-pRS+/yrW5TjPPHNOvxhbNZexr2bS63WjrMU8a+VzEBhUi9Tz1pZeD+vQz3ut0svZ46P+SRqMEPnJmk2XnvNzTw=="
    }
  }
}
